Microsoft Visual Studio Solution File, Format Version 11.00
# Visual Studio 2008

Project("{D2D9D6C2-8919-D09D-9D07-EC0C73BBDE56}") = "PushwooshUnity", "Assembly-CSharp.csproj", "{09FCE505-7214-8AE7-A5EC-9B0A8D6E6D8F}"
EndProject
Global
	GlobalSection(SolutionConfigurationPlatforms) = preSolution
		Debug|Any CPU = Debug|Any CPU
		Release|Any CPU = Release|Any CPU
	EndGlobalSection
	GlobalSection(ProjectConfigurationPlatforms) = postSolution
		{09FCE505-7214-8AE7-A5EC-9B0A8D6E6D8F}.Debug|Any CPU.ActiveCfg = Debug|Any CPU
		{09FCE505-7214-8AE7-A5EC-9B0A8D6E6D8F}.Debug|Any CPU.Build.0 = Debug|Any CPU
		{09FCE505-7214-8AE7-A5EC-9B0A8D6E6D8F}.Release|Any CPU.ActiveCfg = Release|Any CPU
		{09FCE505-7214-8AE7-A5EC-9B0A8D6E6D8F}.Release|Any CPU.Build.0 = Release|Any CPU
	EndGlobalSection
	GlobalSection(SolutionProperties) = preSolution
		HideSolutionNode = FALSE
	EndGlobalSection
			GlobalSection(MonoDevelopProperties) = preSolution
		StartupItem = Assembly-CSharp.csproj
		Policies = $0
		$0.TextStylePolicy = $1
		$1.inheritsSet = null
		$1.scope = text/x-csharp
		$0.CSharpFormattingPolicy = $2
		$2.inheritsSet = Mono
		$2.inheritsScope = text/x-csharp
		$2.scope = text/x-csharp
		$0.TextStylePolicy = $3
		$3.FileWidth = 120
		$3.TabWidth = 4
		$3.EolMarker = Unix
		$3.inheritsSet = Mono
		$3.inheritsScope = text/plain
		$3.scope = text/plain
	EndGlobalSection

EndGlobal
